<?xml version="1.0" encoding="utf-8"?>
<Project xmlns="http://schemas.microsoft.com/developer/msbuild/2003" ToolsVersion="4.0">
  <ItemGroup>
    <Filter Include="繧ｽ繝ｼ繧ｹ 繝輔ぃ繧､繝ｫ">
      <UniqueIdentifier>{4FC737F1-C7A5-4376-A066-2A32D752A2FF}</UniqueIdentifier>
      <Extensions>cpp;c;cc;cxx;c++;cppm;ixx;def;odl;idl;hpj;bat;asm;asmx</Extensions>
    </Filter>
    <Filter Include="繝倥ャ繝繝ｼ 繝輔ぃ繧､繝ｫ">
      <UniqueIdentifier>{93995380-89BD-4b04-88EB-625FBE52EBFB}</UniqueIdentifier>
      <Extensions>h;hh;hpp;hxx;h++;hm;inl;inc;ipp;xsd</Extensions>
    </Filter>
    <Filter Include="繝ｪ繧ｽ繝ｼ繧ｹ 繝輔ぃ繧､繝ｫ">
      <UniqueIdentifier>{67DA6AB6-F800-4c08-8B7A-83BB121AAD01}</UniqueIdentifier>
      <Extensions>rc;ico;cur;bmp;dlg;rc2;rct;bin;rgs;gif;jpg;jpeg;jpe;resx;tiff;tif;png;wav;mfcribbon-ms</Extensions>
    </Filter>
  </ItemGroup>
  <ItemGroup>
    <None Include="assets\shaders\Object3d.hlsli" />
    <None Include=".editorconfig" />
    <None Include="assets\shaders\Sprite2d.hlsli" />
    <None Include="assets\shaders\Particle.hlsli" />
    <None Include="assets\shaders\Skybox.hlsli" />
    <None Include="assets\shaders\FullScreen.hlsli" />
    <None Include=".github\upgrades\scenarios\cppbuildtoolsupgrade\scenario-instructions.md" />
    <None Include=".github\upgrades\scenarios\cppbuildtoolsupgrade\assessment.md" />
    <None Include=".github\upgrades\scenarios\cppbuildtoolsupgrade\plan.md" />
    <None Include=".github\upgrades\scenarios\cppbuildtoolsupgrade\tasks\01.01-investigate-vcxproj\progress-details.md" />
  </ItemGroup>
  <ItemGroup>
    <FxCompile Include="assets\shaders\Object3d.PS.hlsl" />
    <FxCompile Include="assets\shaders\Object3d.VS.hlsl" />
    <FxCompile Include="assets\shaders\Sprite2d.VS.hlsl" />
    <FxCompile Include="assets\shaders\Sprite2d.PS.hlsl" />
    <FxCompile Include="assets\shaders\Particle.VS.hlsl" />
    <FxCompile Include="assets\shaders\Particle.PS.hlsl" />
    <FxCompile Include="assets\shaders\CopyImage.PS.hlsl" />
    <FxCompile Include="assets\shaders\FullScreen.VS.hlsl" />
    <FxCompile Include="assets\shaders\GrayScale.PS.hlsl" />
    <FxCompile Include="assets\shaders\Vignette.PS.hlsl" />
    <FxCompile Include="assets\shaders\BoxFilter.PS.hlsl" />
    <FxCompile Include="assets\shaders\GaussBlur.PS.hlsl" />
    <FxCompile Include="assets\shaders\RadialBlur.PS.hlsl" />
    <FxCompile Include="assets\shaders\Dissolve.PS.hlsl" />
  </ItemGroup>
  <ItemGroup>
    <Media Include="assets\sounds\Alarm01.wav">
      <Filter>繝ｪ繧ｽ繝ｼ繧ｹ 繝輔ぃ繧､繝ｫ</Filter>
    </Media>
  </ItemGroup>
  <ItemGroup>
    <Image Include="assets\textures\checkerBoard.png">
      <Filter>繝ｪ繧ｽ繝ｼ繧ｹ 繝輔ぃ繧､繝ｫ</Filter>
    </Image>
    <Image Include="assets\textures\monsterBall.png">
      <Filter>繝ｪ繧ｽ繝ｼ繧ｹ 繝輔ぃ繧､繝ｫ</Filter>
    </Image>
    <Image Include="assets\textures\uvChecker.png">
      <Filter>繝ｪ繧ｽ繝ｼ繧ｹ 繝輔ぃ繧､繝ｫ</Filter>
    </Image>
    <Image Include="assets\masks\noise0.png">
      <Filter>繝ｪ繧ｽ繝ｼ繧ｹ 繝輔ぃ繧､繝ｫ</Filter>
    </Image>
    <Image Include="assets\masks\noise1.png">
      <Filter>繝ｪ繧ｽ繝ｼ繧ｹ 繝輔ぃ繧､繝ｫ</Filter>
    </Image>
  </ItemGroup>
  <ItemGroup>
    <ClInclude Include="external\imgui\imconfig.h">
      <Filter>繝倥ャ繝繝ｼ 繝輔ぃ繧､繝ｫ</Filter>
    </ClInclude>
    <ClInclude Include="external\imgui\imgui.h">
      <Filter>繝倥ャ繝繝ｼ 繝輔ぃ繧､繝ｫ</Filter>
    </ClInclude>
    <ClInclude Include="external\imgui\imgui_impl_dx12.h">
      <Filter>繝倥ャ繝繝ｼ 繝輔ぃ繧､繝ｫ</Filter>
    </ClInclude>
    <ClInclude Include="external\imgui\imgui_impl_win32.h">
      <Filter>繝倥ャ繝繝ｼ 繝輔ぃ繧､繝ｫ</Filter>
    </ClInclude>
    <ClInclude Include="external\imgui\imgui_internal.h">
      <Filter>繝倥ャ繝繝ｼ 繝輔ぃ繧､繝ｫ</Filter>
    </ClInclude>
    <ClInclude Include="external\imgui\imstb_rectpack.h">
      <Filter>繝倥ャ繝繝ｼ 繝輔ぃ繧､繝ｫ</Filter>
    </ClInclude>
    <ClInclude Include="external\imgui\imstb_textedit.h">
      <Filter>繝倥ャ繝繝ｼ 繝輔ぃ繧､繝ｫ</Filter>
    </ClInclude>
    <ClInclude Include="external\imgui\imstb_truetype.h">
      <Filter>繝倥ャ繝繝ｼ 繝輔ぃ繧､繝ｫ</Filter>
    </ClInclude>
    <ClInclude Include="src\engine\Graphics\Camera\DebugCamera.h">
      <Filter>繝倥ャ繝繝ｼ 繝輔ぃ繧､繝ｫ</Filter>
    </ClInclude>
    <ClInclude Include="src\engine\Graphics\System\DirectXCommon.h">
      <Filter>繝倥ャ繝繝ｼ 繝輔ぃ繧､繝ｫ</Filter>
    </ClInclude>
    <ClInclude Include="src\engine\base\WinApp.h">
      <Filter>繝倥ャ繝繝ｼ 繝輔ぃ繧､繝ｫ</Filter>
    </ClInclude>
    <ClInclude Include="src\engine\base\Math\Matrix4x4.h">
      <Filter>繝倥ャ繝繝ｼ 繝輔ぃ繧､繝ｫ</Filter>
    </ClInclude>
    <ClInclude Include="src\engine\base\Math\Vector3.h">
      <Filter>繝倥ャ繝繝ｼ 繝輔ぃ繧､繝ｫ</Filter>
    </ClInclude>
    <ClInclude Include="src\engine\io\Input.h">
      <Filter>繝倥ャ繝繝ｼ 繝輔ぃ繧､繝ｫ</Filter>
    </ClInclude>
    <ClInclude Include="src\engine\base\StringUtility.h">
      <Filter>繝倥ャ繝繝ｼ 繝輔ぃ繧､繝ｫ</Filter>
    </ClInclude>
    <ClInclude Include="src\engine\base\logger.h">
      <Filter>繝倥ャ繝繝ｼ 繝輔ぃ繧､繝ｫ</Filter>
    </ClInclude>
    <ClInclude Include="src\engine\base\Math\Vector2.h">
      <Filter>繝倥ャ繝繝ｼ 繝輔ぃ繧､繝ｫ</Filter>
    </ClInclude>
    <ClInclude Include="src\engine\base\AssetType.h">
      <Filter>繝倥ャ繝繝ｼ 繝輔ぃ繧､繝ｫ</Filter>
    </ClInclude>
    <ClInclude Include="src\engine\Debug\D3DResourceLeakChecker.h">
      <Filter>繝倥ャ繝繝ｼ 繝輔ぃ繧､繝ｫ</Filter>
    </ClInclude>
    <ClInclude Include="src\engine\Graphics\Sprite\SpriteCommon.h">
      <Filter>繝倥ャ繝繝ｼ 繝輔ぃ繧､繝ｫ</Filter>
    </ClInclude>
    <ClInclude Include="src\engine\Graphics\Sprite\Sprite.h">
      <Filter>繝倥ャ繝繝ｼ 繝輔ぃ繧､繝ｫ</Filter>
    </ClInclude>
    <ClInclude Include="src\engine\base\Math\Vector4.h">
      <Filter>繝倥ャ繝繝ｼ 繝輔ぃ繧､繝ｫ</Filter>
    </ClInclude>
    <ClInclude Include="src\engine\base\Math\MyMath.h">
      <Filter>繝倥ャ繝繝ｼ 繝輔ぃ繧､繝ｫ</Filter>
    </ClInclude>
    <ClInclude Include="src\engine\base\Math\Transform.h">
      <Filter>繝倥ャ繝繝ｼ 繝輔ぃ繧､繝ｫ</Filter>
    </ClInclude>
    <ClInclude Include="src\engine\Graphics\System\TextureManager.h">
      <Filter>繝倥ャ繝繝ｼ 繝輔ぃ繧､繝ｫ</Filter>
    </ClInclude>
    <ClInclude Include="src\engine\Graphics\Text\FontManager.h">
      <Filter>繝倥ャ繝繝ｼ 繝輔ぃ繧､繝ｫ</Filter>
    </ClInclude>
    <ClInclude Include="src\engine\Graphics\Text\TextRenderer.h">
      <Filter>繝倥ャ繝繝ｼ 繝輔ぃ繧､繝ｫ</Filter>
    </ClInclude>
    <ClInclude Include="src\engine\Graphics\Model\Object3d.h">
      <Filter>繝倥ャ繝繝ｼ 繝輔ぃ繧､繝ｫ</Filter>
    </ClInclude>
    <ClInclude Include="src\engine\Graphics\Model\Object3dCommon.h">
      <Filter>繝倥ャ繝繝ｼ 繝輔ぃ繧､繝ｫ</Filter>
    </ClInclude>
    <ClInclude Include="src\engine\Graphics\Model\Model.h">
      <Filter>繝倥ャ繝繝ｼ 繝輔ぃ繧､繝ｫ</Filter>
    </ClInclude>
    <ClInclude Include="src\engine\Graphics\Model\ModelCommon.h">
      <Filter>繝倥ャ繝繝ｼ 繝輔ぃ繧､繝ｫ</Filter>
    </ClInclude>
    <ClInclude Include="src\engine\Graphics\Model\ModelManager.h">
      <Filter>繝倥ャ繝繝ｼ 繝輔ぃ繧､繝ｫ</Filter>
    </ClInclude>
    <ClInclude Include="src\engine\Graphics\Camera\Camera.h">
      <Filter>繝倥ャ繝繝ｼ 繝輔ぃ繧､繝ｫ</Filter>
    </ClInclude>
    <ClInclude Include="src\engine\Graphics\Camera\CameraManager.h">
      <Filter>繝倥ャ繝繝ｼ 繝輔ぃ繧､繝ｫ</Filter>
    </ClInclude>
    <ClInclude Include="src\engine\Graphics\System\SrvManager.h">
      <Filter>繝倥ャ繝繝ｼ 繝輔ぃ繧､繝ｫ</Filter>
    </ClInclude>
    <ClInclude Include="src\engine\Graphics\Particle\ParticleEmitter.h">
      <Filter>繝倥ャ繝繝ｼ 繝輔ぃ繧､繝ｫ</Filter>
    </ClInclude>
    <ClInclude Include="src\engine\Graphics\Particle\EffectManager.h">
      <Filter>繝倥ャ繝繝ｼ 繝輔ぃ繧､繝ｫ</Filter>
    </ClInclude>
    <ClInclude Include="src\engine\Debug\ImguiManager.h">
      <Filter>繝倥ャ繝繝ｼ 繝輔ぃ繧､繝ｫ</Filter>
    </ClInclude>
    <ClInclude Include="src\Game\Scene\ResultScene.h">
      <Filter>繝倥ャ繝繝ｼ 繝輔ぃ繧､繝ｫ</Filter>
    </ClInclude>
    <ClInclude Include="src\Game\Scene\Iscene.h">
      <Filter>繝倥ャ繝繝ｼ 繝輔ぃ繧､繝ｫ</Filter>
    </ClInclude>
    <ClInclude Include="src\Game\Scene\SceneManager.h">
      <Filter>繝倥ャ繝繝ｼ 繝輔ぃ繧､繝ｫ</Filter>
    </ClInclude>
    <ClInclude Include="src\Game\Scene\StageScene.h">
      <Filter>繝倥ャ繝繝ｼ 繝輔ぃ繧､繝ｫ</Filter>
    </ClInclude>
    <ClInclude Include="src\Game\Scene\TitleScene.h">
      <Filter>繝倥ャ繝繝ｼ 繝輔ぃ繧､繝ｫ</Filter>
    </ClInclude>
    <ClInclude Include="src\engine\base\Math\Quaternion.h">
      <Filter>繝倥ャ繝繝ｼ 繝輔ぃ繧､繝ｫ</Filter>
    </ClInclude>
    <ClInclude Include="src\engine\Graphics\System\BlendMode.h">
      <Filter>繝倥ャ繝繝ｼ 繝輔ぃ繧､繝ｫ</Filter>
    </ClInclude>
    <ClInclude Include="src\engine\Graphics\Model\PrimitiveGenerator.h">
      <Filter>繝倥ャ繝繝ｼ 繝輔ぃ繧､繝ｫ</Filter>
    </ClInclude>
    <ClInclude Include="src\engine\Graphics\Model\PrimitiveModel.h">
      <Filter>繝倥ャ繝繝ｼ 繝輔ぃ繧､繝ｫ</Filter>
    </ClInclude>
    <ClInclude Include="src\engine\Graphics\Model\SkyboxCommon.h">
      <Filter>繝倥ャ繝繝ｼ 繝輔ぃ繧､繝ｫ</Filter>
    </ClInclude>
    <ClInclude Include="src\engine\Graphics\Model\Skybox.h">
      <Filter>繝倥ャ繝繝ｼ 繝輔ぃ繧､繝ｫ</Filter>
    </ClInclude>
    <ClInclude Include="src\engine\Graphics\PostProcess\PostEffect.h">
      <Filter>繝倥ャ繝繝ｼ 繝輔ぃ繧､繝ｫ</Filter>
      <Filter>繝倥ャ繝€繝ｼ 繝輔ぃ繧､繝ｫ</Filter>
    </ClInclude>
    <ClInclude Include="src\Game\Scene\DebugScene.h">
      <Filter>繝倥ャ繝€繝ｼ 繝輔ぃ繧､繝ｫ</Filter>
    </ClInclude>
    <ClInclude Include="src\Game\Player\Player.h">
      <Filter>繝倥ャ繝€繝ｼ 繝輔ぃ繧､繝ｫ</Filter>
    </ClInclude>
    <ClInclude Include="src\Game\FlightModel\FlightModel.h">
      <Filter>繝倥ャ繝€繝ｼ 繝輔ぃ繧､繝ｫ</Filter>
    </ClInclude>
    <ClInclude Include="src\Game\FlightModel\AirFrame.h">
      <Filter>繝倥ャ繝€繝ｼ 繝輔ぃ繧､繝ｫ</Filter>
    </ClInclude>
    <ClInclude Include="src\Game\FlightModel\DamageModel.h">
      <Filter>繝倥ャ繝€繝ｼ 繝輔ぃ繧､繝ｫ</Filter>
    </ClInclude>
    <ClInclude Include="src\Game\FlightModel\Engine.h">
      <Filter>繝倥ャ繝€繝ｼ 繝輔ぃ繧､繝ｫ</Filter>
    </ClInclude>
    <ClInclude Include="src\Game\FlightModel\Payload\IPayload.h">
      <Filter>繝倥ャ繝繝ｼ 繝輔ぃ繧､繝ｫ</Filter>
    </ClInclude>
    <ClInclude Include="src\Game\FlightModel\Payload\Gunpod.h">
      <Filter>繝倥ャ繝繝ｼ 繝輔ぃ繧､繝ｫ</Filter>
    </ClInclude>
    <ClInclude Include="src\Game\FlightModel\FlightInstructor.h">
      <Filter>繝倥ャ繝繝ｼ 繝輔ぃ繧､繝ｫ</Filter>
    </ClInclude>
    <ClInclude Include="src\Game\FlightModel\MouseAimController.h">
      <Filter>繝倥ャ繝繝ｼ 繝輔ぃ繧､繝ｫ</Filter>
    </ClInclude>
    <ClInclude Include="src\engine\Physics\Collider.h">
      <Filter>繝倥ャ繝繝ｼ 繝輔ぃ繧､繝ｫ</Filter>
    </ClInclude>
    <ClInclude Include="src\Game\Enemy\Enemy.h">
      <Filter>繝倥ャ繝繝ｼ 繝輔ぃ繧､繝ｫ</Filter>
    </ClInclude>
    <ClInclude Include="src\Game\Enemy\EnemyManager.h">
      <Filter>繝倥ャ繝繝ｼ 繝輔ぃ繧､繝ｫ</Filter>
    </ClInclude>
    <ClInclude Include="src\Game\Bullet\Bullet.h">
      <Filter>繝倥ャ繝繝ｼ 繝輔ぃ繧､繝ｫ</Filter>
    </ClInclude>
    <ClInclude Include="src\Game\Bullet\BulletManager.h">
      <Filter>繝倥ャ繝繝ｼ 繝輔ぃ繧､繝ｫ</Filter>
      <Filter>繝倥ャ繝€繝ｼ 繝輔ぃ繧､繝ｫ</Filter>
    </ClInclude>
    <ClInclude Include="src\engine\Debug\Dump.h">
      <Filter>繝倥ャ繝€繝ｼ 繝輔ぃ繧､繝ｫ</Filter>
    </ClInclude>
    <ClInclude Include="src\Game\System\Game.h">
      <Filter>繝倥ャ繝€繝ｼ 繝輔ぃ繧､繝ｫ</Filter>
    </ClInclude>
    <ClInclude Include="src\Game\System\MissionManager.h">
      <Filter>繝倥ャ繝€繝ｼ 繝輔ぃ繧､繝ｫ</Filter>
    </ClInclude>
    <ClInclude Include="src\engine\Audio\AudioManager.h">
      <Filter>繝倥ャ繝€繝ｼ 繝輔ぃ繧､繝ｫ</Filter>
    </ClInclude>
    <ClInclude Include="src\engine\Graphics\Particle\ParticleManager.h">
      <Filter>繝倥ャ繝繝ｼ 繝輔ぃ繧､繝ｫ</Filter>
    </ClInclude>
    <ClInclude Include="src\engine\Graphics\Particle\GPUParticleManager.h">
      <Filter>繝倥ャ繝繝ｼ 繝輔ぃ繧､繝ｫ</Filter>
    </ClInclude>
    <ClInclude Include="src\Game\Scene\ClearScene.h">
      <Filter>繝倥ャ繝繝ｼ 繝輔ぃ繧､繝ｫ</Filter>
    </ClInclude>
    <ClInclude Include="src\Game\Camera\PlayerCamera.h">
      <Filter>繝倥ャ繝繝ｼ 繝輔ぃ繧､繝ｫ</Filter>
    </ClInclude>
    <ClInclude Include="src\engine\Physics\Collision3DManager.h">
      <Filter>繝倥ャ繝繝ｼ 繝輔ぃ繧､繝ｫ</Filter>
    </ClInclude>
    <ClInclude Include="src\engine\Physics\Collision2DManager.h">
      <Filter>繝倥ャ繝繝ｼ 繝輔ぃ繧､繝ｫ</Filter>
    </ClInclude>
    <ClInclude Include="src\engine\Physics\CollisionSystem.h">
      <Filter>繝倥ャ繝繝ｼ 繝輔ぃ繧､繝ｫ</Filter>
    </ClInclude>
    <ClInclude Include="src\engine\Physics\CollisionConfig.h">
      <Filter>繝倥ャ繝繝ｼ 繝輔ぃ繧､繝ｫ</Filter>
    </ClInclude>
    <ClInclude Include="src\engine\Physics\ICollisionBody.h">
      <Filter>繝倥ャ繝繝ｼ 繝輔ぃ繧､繝ｫ</Filter>
    </ClInclude>
    <ClInclude Include="src\Game\Environment\Sun.h">
      <Filter>繝倥ャ繝繝ｼ 繝輔ぃ繧､繝ｫ</Filter>
    </ClInclude>
    <ClInclude Include="src\Game\Environment\EnvironmentManager.h">
      <Filter>繝倥ャ繝繝ｼ 繝輔ぃ繧､繝ｫ</Filter>
    </ClInclude>
  </ItemGroup>
  <ItemGroup>
    <ClCompile Include="external\imgui\imgui.cpp">
      <Filter>繧ｽ繝ｼ繧ｹ 繝輔ぃ繧､繝ｫ</Filter>
    </ClCompile>
    <ClCompile Include="external\imgui\imgui_demo.cpp">
      <Filter>繧ｽ繝ｼ繧ｹ 繝輔ぃ繧､繝ｫ</Filter>
    </ClCompile>
    <ClCompile Include="external\imgui\imgui_draw.cpp">
      <Filter>繧ｽ繝ｼ繧ｹ 繝輔ぃ繧､繝ｫ</Filter>
    </ClCompile>
    <ClCompile Include="external\imgui\imgui_impl_dx12.cpp">
      <Filter>繧ｽ繝ｼ繧ｹ 繝輔ぃ繧､繝ｫ</Filter>
    </ClCompile>
    <ClCompile Include="external\imgui\imgui_impl_win32.cpp">
      <Filter>繧ｽ繝ｼ繧ｹ 繝輔ぃ繧､繝ｫ</Filter>
    </ClCompile>
    <ClCompile Include="external\imgui\imgui_tables.cpp">
      <Filter>繧ｽ繝ｼ繧ｹ 繝輔ぃ繧､繝ｫ</Filter>
    </ClCompile>
    <ClCompile Include="external\imgui\imgui_widgets.cpp">
      <Filter>繧ｽ繝ｼ繧ｹ 繝輔ぃ繧､繝ｫ</Filter>
    </ClCompile>
    <ClCompile Include="src\engine\Graphics\Camera\DebugCamera.cpp">
      <Filter>繧ｽ繝ｼ繧ｹ 繝輔ぃ繧､繝ｫ</Filter>
    </ClCompile>
    <ClCompile Include="src\engine\Graphics\System\DirectXCommon.cpp">
      <Filter>繧ｽ繝ｼ繧ｹ 繝輔ぃ繧､繝ｫ</Filter>
    </ClCompile>
    <ClCompile Include="src\engine\base\WinApp.cpp">
      <Filter>繧ｽ繝ｼ繧ｹ 繝輔ぃ繧､繝ｫ</Filter>
    </ClCompile>
    <ClCompile Include="src\engine\base\Math\Matrix4x4.cpp">
      <Filter>繧ｽ繝ｼ繧ｹ 繝輔ぃ繧､繝ｫ</Filter>
    </ClCompile>
    <ClCompile Include="src\engine\base\Math\Vector3.cpp">
      <Filter>繧ｽ繝ｼ繧ｹ 繝輔ぃ繧､繝ｫ</Filter>
    </ClCompile>
    <ClCompile Include="src\engine\io\Input.cpp">
      <Filter>繧ｽ繝ｼ繧ｹ 繝輔ぃ繧､繝ｫ</Filter>
    </ClCompile>
    <ClCompile Include="src\Game\System\main.cpp">
      <Filter>繧ｽ繝ｼ繧ｹ 繝輔ぃ繧､繝ｫ</Filter>
    </ClCompile>
    <ClCompile Include="src\engine\base\StringUtility.cpp">
      <Filter>繧ｽ繝ｼ繧ｹ 繝輔ぃ繧､繝ｫ</Filter>
    </ClCompile>
    <ClCompile Include="src\engine\base\logger.cpp">
      <Filter>繧ｽ繝ｼ繧ｹ 繝輔ぃ繧､繝ｫ</Filter>
    </ClCompile>
    <ClCompile Include="src\engine\base\Math\Vector2.cpp">
      <Filter>繧ｽ繝ｼ繧ｹ 繝輔ぃ繧､繝ｫ</Filter>
    </ClCompile>
    <ClCompile Include="src\engine\Debug\D3DResourceLeakChecker.cpp">
      <Filter>繧ｽ繝ｼ繧ｹ 繝輔ぃ繧､繝ｫ</Filter>
    </ClCompile>
    <ClCompile Include="src\engine\Graphics\Sprite\SpriteCommon.cpp">
      <Filter>繧ｽ繝ｼ繧ｹ 繝輔ぃ繧､繝ｫ</Filter>
    </ClCompile>
    <ClCompile Include="src\engine\Graphics\Sprite\Sprite.cpp">
      <Filter>繧ｽ繝ｼ繧ｹ 繝輔ぃ繧､繝ｫ</Filter>
    </ClCompile>
    <ClCompile Include="src\engine\base\Math\Vector4.cpp">
      <Filter>繧ｽ繝ｼ繧ｹ 繝輔ぃ繧､繝ｫ</Filter>
    </ClCompile>
    <ClCompile Include="src\engine\base\Math\Transform.cpp">
      <Filter>繧ｽ繝ｼ繧ｹ 繝輔ぃ繧､繝ｫ</Filter>
    </ClCompile>
    <ClCompile Include="src\engine\Graphics\System\TextureManager.cpp">
      <Filter>繧ｽ繝ｼ繧ｹ 繝輔ぃ繧､繝ｫ</Filter>
    </ClCompile>
    <ClCompile Include="src\engine\Graphics\Text\FontManager.cpp">
      <Filter>繧ｽ繝ｼ繧ｹ 繝輔ぃ繧､繝ｫ</Filter>
    </ClCompile>
    <ClCompile Include="src\engine\Graphics\Text\TextRenderer.cpp">
      <Filter>繧ｽ繝ｼ繧ｹ 繝輔ぃ繧､繝ｫ</Filter>
    </ClCompile>
    <ClCompile Include="src\engine\Graphics\Model\Object3d.cpp">
      <Filter>繧ｽ繝ｼ繧ｹ 繝輔ぃ繧､繝ｫ</Filter>
    </ClCompile>
    <ClCompile Include="src\engine\Graphics\Model\Object3dCommon.cpp">
      <Filter>繧ｽ繝ｼ繧ｹ 繝輔ぃ繧､繝ｫ</Filter>
    </ClCompile>
    <ClCompile Include="src\engine\Graphics\Model\Model.cpp">
      <Filter>繧ｽ繝ｼ繧ｹ 繝輔ぃ繧､繝ｫ</Filter>
    </ClCompile>
    <ClCompile Include="src\engine\Graphics\Model\ModelCommon.cpp">
      <Filter>繧ｽ繝ｼ繧ｹ 繝輔ぃ繧､繝ｫ</Filter>
    </ClCompile>
    <ClCompile Include="src\engine\Graphics\Model\ModelManager.cpp">
      <Filter>繧ｽ繝ｼ繧ｹ 繝輔ぃ繧､繝ｫ</Filter>
    </ClCompile>
    <ClCompile Include="src\engine\Graphics\Camera\Camera.cpp">
      <Filter>繧ｽ繝ｼ繧ｹ 繝輔ぃ繧､繝ｫ</Filter>
    </ClCompile>
    <ClCompile Include="src\engine\Graphics\Camera\CameraManager.cpp">
      <Filter>繧ｽ繝ｼ繧ｹ 繝輔ぃ繧､繝ｫ</Filter>
    </ClCompile>
    <ClCompile Include="src\engine\Graphics\System\SrvManager.cpp">
      <Filter>繧ｽ繝ｼ繧ｹ 繝輔ぃ繧､繝ｫ</Filter>
    </ClCompile>
    <ClCompile Include="src\engine\Graphics\Particle\ParticleEmitter.cpp">
      <Filter>繧ｽ繝ｼ繧ｹ 繝輔ぃ繧､繝ｫ</Filter>
    </ClCompile>
    <ClCompile Include="src\engine\Graphics\Particle\EffectManager.cpp">
      <Filter>繧ｽ繝ｼ繧ｹ 繝輔ぃ繧､繝ｫ</Filter>
    </ClCompile>
    <ClCompile Include="src\engine\Debug\ImguiManager.cpp">
      <Filter>繧ｽ繝ｼ繧ｹ 繝輔ぃ繧､繝ｫ</Filter>
    </ClCompile>
    <ClCompile Include="src\engine\Audio\AudioManager.cpp">
      <Filter>繧ｽ繝ｼ繧ｹ 繝輔ぃ繧､繝ｫ</Filter>
    </ClCompile>
    <ClCompile Include="src\Game\System\Game.cpp">
      <Filter>繧ｽ繝ｼ繧ｹ 繝輔ぃ繧､繝ｫ</Filter>
    </ClCompile>
    <ClCompile Include="src\Game\System\MissionManager.cpp">
      <Filter>繧ｽ繝ｼ繧ｹ 繝輔ぃ繧､繝ｫ</Filter>
    </ClCompile>
    <ClCompile Include="src\engine\Debug\Dump.cpp">
      <Filter>繧ｽ繝ｼ繧ｹ 繝輔ぃ繧､繝ｫ</Filter>
    </ClCompile>
    <ClCompile Include="src\Game\Scene\ClearScene.cpp">
      <Filter>繧ｽ繝ｼ繧ｹ 繝輔ぃ繧､繝ｫ</Filter>
    </ClCompile>
    <ClCompile Include="src\Game\Scene\ResultScene.cpp">
      <Filter>繧ｽ繝ｼ繧ｹ 繝輔ぃ繧､繝ｫ</Filter>
    </ClCompile>
    <ClCompile Include="src\Game\Scene\IScene.cpp">
      <Filter>繧ｽ繝ｼ繧ｹ 繝輔ぃ繧､繝ｫ</Filter>
    </ClCompile>
    <ClCompile Include="src\Game\Scene\SceneManager.cpp">
      <Filter>繧ｽ繝ｼ繧ｹ 繝輔ぃ繧､繝ｫ</Filter>
    </ClCompile>
    <ClCompile Include="src\Game\Scene\StageScene.cpp">
      <Filter>ソース ファイル</Filter>
    </ClCompile>
    <ClCompile Include="src\Game\Graphics\AircraftVisualModel.cpp">
      <Filter>ソース ファイル</Filter>
    </ClCompile>
    <ClCompile Include="src\Game\Graphics\DebrisManager.cpp">
      <Filter>ソース ファイル</Filter>
    </ClCompile>
    <ClCompile Include="src\Game\Scene\TitleScene.cpp">
      <Filter>繧ｽ繝ｼ繧ｹ 繝輔ぃ繧､繝ｫ</Filter>
    </ClCompile>
    <ClCompile Include="src\engine\base\Math\Quaternion.cpp">
      <Filter>繧ｽ繝ｼ繧ｹ 繝輔ぃ繧､繝ｫ</Filter>
    </ClCompile>
    <ClCompile Include="src\engine\Graphics\Model\PrimitiveGenerator.cpp">
      <Filter>繧ｽ繝ｼ繧ｹ 繝輔ぃ繧､繝ｫ</Filter>
    </ClCompile>
    <ClCompile Include="src\engine\Graphics\Model\PrimitiveModel.cpp">
      <Filter>繧ｽ繝ｼ繧ｹ 繝輔ぃ繧､繝ｫ</Filter>
    </ClCompile>
    <ClCompile Include="src\engine\Graphics\Model\SkyboxCommon.cpp">
      <Filter>繧ｽ繝ｼ繧ｹ 繝輔ぃ繧､繝ｫ</Filter>
    </ClCompile>
    <ClCompile Include="src\engine\Graphics\Model\Skybox.cpp">
      <Filter>繧ｽ繝ｼ繧ｹ 繝輔ぃ繧､繝ｫ</Filter>
    </ClCompile>
    <ClCompile Include="src\engine\Graphics\PostProcess\PostEffect.cpp">
      <Filter>繧ｽ繝ｼ繧ｹ 繝輔ぃ繧､繝ｫ</Filter>
    </ClCompile>
    <ClCompile Include="src\Game\Scene\DebugScene.cpp">
      <Filter>繧ｽ繝ｼ繧ｹ 繝輔ぃ繧､繝ｫ</Filter>
    </ClCompile>
    <ClCompile Include="src\Game\Player\Player.cpp">
      <Filter>繧ｽ繝ｼ繧ｹ 繝輔ぃ繧､繝ｫ</Filter>
    </ClCompile>
    <ClCompile Include="src\Game\FlightModel\FlightModel.cpp">
      <Filter>繧ｽ繝ｼ繧ｹ 繝輔ぃ繧､繝ｫ</Filter>
    </ClCompile>
    <ClCompile Include="src\Game\FlightModel\AirFrame.cpp">
      <Filter>繧ｽ繝ｼ繧ｹ 繝輔ぃ繧､繝ｫ</Filter>
    </ClCompile>
    <ClCompile Include="src\Game\FlightModel\DamageModel.cpp">
      <Filter>繧ｽ繝ｼ繧ｹ 繝輔ぃ繧､繝ｫ</Filter>
    </ClCompile>
    <ClCompile Include="src\Game\FlightModel\Engine.cpp">
      <Filter>繧ｽ繝ｼ繧ｹ 繝輔ぃ繧､繝ｫ</Filter>
    </ClCompile>
    <ClCompile Include="src\Game\FlightModel\Payload\IPayload.cpp">
      <Filter>繧ｽ繝ｼ繧ｹ 繝輔ぃ繧､繝ｫ</Filter>
    </ClCompile>
    <ClCompile Include="src\Game\FlightModel\Payload\Gunpod.cpp">
      <Filter>繧ｽ繝ｼ繧ｹ 繝輔ぃ繧､繝ｫ</Filter>
    </ClCompile>
    <ClCompile Include="src\Game\FlightModel\FlightInstructor.cpp">
      <Filter>繧ｽ繝ｼ繧ｹ 繝輔ぃ繧､繝ｫ</Filter>
    </ClCompile>
    <ClCompile Include="src\Game\FlightModel\MouseAimController.cpp">
      <Filter>繧ｽ繝ｼ繧ｹ 繝輔ぃ繧､繝ｫ</Filter>
    </ClCompile>
    <ClCompile Include="src\Game\Enemy\Enemy.cpp">
      <Filter>繧ｽ繝ｼ繧ｹ 繝輔ぃ繧､繝ｫ</Filter>
    </ClCompile>
    <ClCompile Include="src\Game\Enemy\EnemyManager.cpp">
      <Filter>繧ｽ繝ｼ繧ｹ 繝輔ぃ繧､繝ｫ</Filter>
    </ClCompile>
    <ClCompile Include="src\Game\Bullet\Bullet.cpp">
      <Filter>繧ｽ繝ｼ繧ｹ 繝輔ぃ繧､繝ｫ</Filter>
    </ClCompile>
    <ClCompile Include="src\Game\Bullet\BulletManager.cpp">
      <Filter>繧ｽ繝ｼ繧ｹ 繝輔ぃ繧､繝ｫ</Filter>
    </ClCompile>
    <ClCompile Include="src\Game\Environment\Sun.cpp">
      <Filter>繧ｽ繝ｼ繧ｹ 繝輔ぃ繧､繝ｫ</Filter>
    </ClCompile>
    <ClCompile Include="src\Game\Environment\EnvironmentManager.cpp">
      <Filter>繧ｽ繝ｼ繧ｹ 繝輔ぃ繧､繝ｫ</Filter>
    </ClCompile>
    <ClCompile Include="src\engine\Graphics\Particle\ParticleManager.cpp">
      <Filter>繧ｽ繝ｼ繧ｹ 繝輔ぃ繧､繝ｫ</Filter>
    </ClCompile>
    <ClCompile Include="src\engine\Graphics\Particle\GPUParticleManager.cpp">
      <Filter>繧ｽ繝ｼ繧ｹ 繝輔ぃ繧､繝ｫ</Filter>
    </ClCompile>
    <ClCompile Include="src\Game\Camera\PlayerCamera.cpp">
      <Filter>繧ｽ繝ｼ繧ｹ 繝輔ぃ繧､繝ｫ</Filter>
    </ClCompile>
    <ClCompile Include="src\engine\Physics\Collision3DManager.cpp">
      <Filter>繧ｽ繝ｼ繧ｹ 繝輔ぃ繧､繝ｫ</Filter>
    </ClCompile>
    <ClCompile Include="src\engine\Physics\Collision2DManager.cpp">
      <Filter>繧ｽ繝ｼ繧ｹ 繝輔ぃ繧､繝ｫ</Filter>
    </ClCompile>
    <ClCompile Include="src\engine\Physics\CollisionSystem.cpp">
      <Filter>繧ｽ繝ｼ繧ｹ 繝輔ぃ繧､繝ｫ</Filter>
    </ClCompile>
  </ItemGroup>
  <ItemGroup>
    <Text Include="external\imgui\LICENSE.txt" />
  </ItemGroup>
</Project>